
Microsoft Visual Studio Solution File, Format Version 11.00
# Visual Studio 2010
Project("{FAE04EC0-301F-11D3-BF4B-00C04F79EFBC}") = "WCFTravel", "WCFTravel\WCFTravel.csproj", "{D6A3420A-FC5E-465F-8887-53C5D8025595}"
EndProject
Project("{2150E333-8FDC-42A3-9474-1A3956D46DE8}") = "1. Presentation Layer", "1. Presentation Layer", "{DF3B6CAD-D98E-4513-B9A3-16514253A75A}"
EndProject
Project("{2150E333-8FDC-42A3-9474-1A3956D46DE8}") = "2. Hosting Layer", "2. Hosting Layer", "{1A89444D-50B7-4659-A06F-EA4F38863522}"
EndProject
Project("{2150E333-8FDC-42A3-9474-1A3956D46DE8}") = "3. Service Layer", "3. Service Layer", "{6D5AEB83-13A6-4843-973C-260FBEC1C607}"
EndProject
Project("{2150E333-8FDC-42A3-9474-1A3956D46DE8}") = "4. Business Layer", "4. Business Layer", "{59D38A43-1FE5-481A-A06C-7E6650ED9378}"
EndProject
Project("{2150E333-8FDC-42A3-9474-1A3956D46DE8}") = "5. Data Layer", "5. Data Layer", "{34C93A95-D245-424E-B431-614A4B08D93B}"
EndProject
Project("{FAE04EC0-301F-11D3-BF4B-00C04F79EFBC}") = "Data Objects", "Data Objects\Data Objects.csproj", "{27143BBB-6508-41D7-9529-B5721E6F8E57}"
EndProject
Project("{FAE04EC0-301F-11D3-BF4B-00C04F79EFBC}") = "Business Objects", "Business Objects\Business Objects.csproj", "{20AE9ED2-C0D9-4490-AEF0-879AA3270BB9}"
EndProject
Project("{FAE04EC0-301F-11D3-BF4B-00C04F79EFBC}") = "Main Service", "Main Service\Main Service.csproj", "{FA487E9A-E8D2-4491-95EE-67D64D702B92}"
EndProject
Project("{2150E333-8FDC-42A3-9474-1A3956D46DE8}") = "Framework", "Framework", "{57806351-9876-4339-9E80-E6C67B7AA67D}"
EndProject
Project("{2150E333-8FDC-42A3-9474-1A3956D46DE8}") = "GoogleMapsAPI", "GoogleMapsAPI", "{6AD660E1-F4F4-43B0-8C95-9E6721CAA302}"
EndProject
Project("{FAE04EC0-301F-11D3-BF4B-00C04F79EFBC}") = "GoogleMapCore", "GoogleMapCore\GoogleMapCore.csproj", "{C0D3C3C8-6821-4081-AAFC-D1237EA3C121}"
EndProject
Project("{FAE04EC0-301F-11D3-BF4B-00C04F79EFBC}") = "WindowsPhoneApplication1", "WindowsPhoneApplication1\WindowsPhoneApplication1.csproj", "{06D0EE4C-8C3C-413E-B5BA-663604BEAF2B}"
	ProjectSection(ProjectDependencies) = postProject
		{D6A3420A-FC5E-465F-8887-53C5D8025595} = {D6A3420A-FC5E-465F-8887-53C5D8025595}
	EndProjectSection
EndProject
Global
	GlobalSection(SolutionConfigurationPlatforms) = preSolution
		Debug|Any CPU = Debug|Any CPU
		Debug|Mixed Platforms = Debug|Mixed Platforms
		Debug|x86 = Debug|x86
		Release|Any CPU = Release|Any CPU
		Release|Mixed Platforms = Release|Mixed Platforms
		Release|x86 = Release|x86
	EndGlobalSection
	GlobalSection(ProjectConfigurationPlatforms) = postSolution
		{D6A3420A-FC5E-465F-8887-53C5D8025595}.Debug|Any CPU.ActiveCfg = Debug|Any CPU
		{D6A3420A-FC5E-465F-8887-53C5D8025595}.Debug|Any CPU.Build.0 = Debug|Any CPU
		{D6A3420A-FC5E-465F-8887-53C5D8025595}.Debug|Mixed Platforms.ActiveCfg = Debug|Any CPU
		{D6A3420A-FC5E-465F-8887-53C5D8025595}.Debug|Mixed Platforms.Build.0 = Debug|Any CPU
		{D6A3420A-FC5E-465F-8887-53C5D8025595}.Debug|x86.ActiveCfg = Debug|Any CPU
		{D6A3420A-FC5E-465F-8887-53C5D8025595}.Release|Any CPU.ActiveCfg = Release|Any CPU
		{D6A3420A-FC5E-465F-8887-53C5D8025595}.Release|Any CPU.Build.0 = Release|Any CPU
		{D6A3420A-FC5E-465F-8887-53C5D8025595}.Release|Mixed Platforms.ActiveCfg = Release|Any CPU
		{D6A3420A-FC5E-465F-8887-53C5D8025595}.Release|Mixed Platforms.Build.0 = Release|Any CPU
		{D6A3420A-FC5E-465F-8887-53C5D8025595}.Release|x86.ActiveCfg = Release|Any CPU
		{27143BBB-6508-41D7-9529-B5721E6F8E57}.Debug|Any CPU.ActiveCfg = Debug|Any CPU
		{27143BBB-6508-41D7-9529-B5721E6F8E57}.Debug|Any CPU.Build.0 = Debug|Any CPU
		{27143BBB-6508-41D7-9529-B5721E6F8E57}.Debug|Mixed Platforms.ActiveCfg = Debug|Any CPU
		{27143BBB-6508-41D7-9529-B5721E6F8E57}.Debug|Mixed Platforms.Build.0 = Debug|Any CPU
		{27143BBB-6508-41D7-9529-B5721E6F8E57}.Debug|x86.ActiveCfg = Debug|Any CPU
		{27143BBB-6508-41D7-9529-B5721E6F8E57}.Release|Any CPU.ActiveCfg = Release|Any CPU
		{27143BBB-6508-41D7-9529-B5721E6F8E57}.Release|Any CPU.Build.0 = Release|Any CPU
		{27143BBB-6508-41D7-9529-B5721E6F8E57}.Release|Mixed Platforms.ActiveCfg = Release|Any CPU
		{27143BBB-6508-41D7-9529-B5721E6F8E57}.Release|Mixed Platforms.Build.0 = Release|Any CPU
		{27143BBB-6508-41D7-9529-B5721E6F8E57}.Release|x86.ActiveCfg = Release|Any CPU
		{20AE9ED2-C0D9-4490-AEF0-879AA3270BB9}.Debug|Any CPU.ActiveCfg = Debug|Any CPU
		{20AE9ED2-C0D9-4490-AEF0-879AA3270BB9}.Debug|Any CPU.Build.0 = Debug|Any CPU
		{20AE9ED2-C0D9-4490-AEF0-879AA3270BB9}.Debug|Mixed Platforms.ActiveCfg = Debug|Any CPU
		{20AE9ED2-C0D9-4490-AEF0-879AA3270BB9}.Debug|Mixed Platforms.Build.0 = Debug|Any CPU
		{20AE9ED2-C0D9-4490-AEF0-879AA3270BB9}.Debug|x86.ActiveCfg = Debug|Any CPU
		{20AE9ED2-C0D9-4490-AEF0-879AA3270BB9}.Release|Any CPU.ActiveCfg = Release|Any CPU
		{20AE9ED2-C0D9-4490-AEF0-879AA3270BB9}.Release|Any CPU.Build.0 = Release|Any CPU
		{20AE9ED2-C0D9-4490-AEF0-879AA3270BB9}.Release|Mixed Platforms.ActiveCfg = Release|Any CPU
		{20AE9ED2-C0D9-4490-AEF0-879AA3270BB9}.Release|Mixed Platforms.Build.0 = Release|Any CPU
		{20AE9ED2-C0D9-4490-AEF0-879AA3270BB9}.Release|x86.ActiveCfg = Release|Any CPU
		{FA487E9A-E8D2-4491-95EE-67D64D702B92}.Debug|Any CPU.ActiveCfg = Debug|Any CPU
		{FA487E9A-E8D2-4491-95EE-67D64D702B92}.Debug|Any CPU.Build.0 = Debug|Any CPU
		{FA487E9A-E8D2-4491-95EE-67D64D702B92}.Debug|Mixed Platforms.ActiveCfg = Debug|Any CPU
		{FA487E9A-E8D2-4491-95EE-67D64D702B92}.Debug|Mixed Platforms.Build.0 = Debug|Any CPU
		{FA487E9A-E8D2-4491-95EE-67D64D702B92}.Debug|x86.ActiveCfg = Debug|Any CPU
		{FA487E9A-E8D2-4491-95EE-67D64D702B92}.Release|Any CPU.ActiveCfg = Release|Any CPU
		{FA487E9A-E8D2-4491-95EE-67D64D702B92}.Release|Any CPU.Build.0 = Release|Any CPU
		{FA487E9A-E8D2-4491-95EE-67D64D702B92}.Release|Mixed Platforms.ActiveCfg = Release|Any CPU
		{FA487E9A-E8D2-4491-95EE-67D64D702B92}.Release|Mixed Platforms.Build.0 = Release|Any CPU
		{FA487E9A-E8D2-4491-95EE-67D64D702B92}.Release|x86.ActiveCfg = Release|Any CPU
		{C0D3C3C8-6821-4081-AAFC-D1237EA3C121}.Debug|Any CPU.ActiveCfg = Debug|Any CPU
		{C0D3C3C8-6821-4081-AAFC-D1237EA3C121}.Debug|Any CPU.Build.0 = Debug|Any CPU
		{C0D3C3C8-6821-4081-AAFC-D1237EA3C121}.Debug|Mixed Platforms.ActiveCfg = Debug|Any CPU
		{C0D3C3C8-6821-4081-AAFC-D1237EA3C121}.Debug|Mixed Platforms.Build.0 = Debug|Any CPU
		{C0D3C3C8-6821-4081-AAFC-D1237EA3C121}.Debug|x86.ActiveCfg = Debug|Any CPU
		{C0D3C3C8-6821-4081-AAFC-D1237EA3C121}.Release|Any CPU.ActiveCfg = Release|Any CPU
		{C0D3C3C8-6821-4081-AAFC-D1237EA3C121}.Release|Any CPU.Build.0 = Release|Any CPU
		{C0D3C3C8-6821-4081-AAFC-D1237EA3C121}.Release|Mixed Platforms.ActiveCfg = Release|Any CPU
		{C0D3C3C8-6821-4081-AAFC-D1237EA3C121}.Release|Mixed Platforms.Build.0 = Release|Any CPU
		{C0D3C3C8-6821-4081-AAFC-D1237EA3C121}.Release|x86.ActiveCfg = Release|Any CPU
		{06D0EE4C-8C3C-413E-B5BA-663604BEAF2B}.Debug|Any CPU.ActiveCfg = Debug|Any CPU
		{06D0EE4C-8C3C-413E-B5BA-663604BEAF2B}.Debug|Any CPU.Build.0 = Debug|Any CPU
		{06D0EE4C-8C3C-413E-B5BA-663604BEAF2B}.Debug|Any CPU.Deploy.0 = Debug|Any CPU
		{06D0EE4C-8C3C-413E-B5BA-663604BEAF2B}.Debug|Mixed Platforms.ActiveCfg = Debug|Any CPU
		{06D0EE4C-8C3C-413E-B5BA-663604BEAF2B}.Debug|Mixed Platforms.Build.0 = Debug|Any CPU
		{06D0EE4C-8C3C-413E-B5BA-663604BEAF2B}.Debug|Mixed Platforms.Deploy.0 = Debug|Any CPU
		{06D0EE4C-8C3C-413E-B5BA-663604BEAF2B}.Debug|x86.ActiveCfg = Debug|Any CPU
		{06D0EE4C-8C3C-413E-B5BA-663604BEAF2B}.Release|Any CPU.ActiveCfg = Release|Any CPU
		{06D0EE4C-8C3C-413E-B5BA-663604BEAF2B}.Release|Any CPU.Build.0 = Release|Any CPU
		{06D0EE4C-8C3C-413E-B5BA-663604BEAF2B}.Release|Any CPU.Deploy.0 = Release|Any CPU
		{06D0EE4C-8C3C-413E-B5BA-663604BEAF2B}.Release|Mixed Platforms.ActiveCfg = Release|Any CPU
		{06D0EE4C-8C3C-413E-B5BA-663604BEAF2B}.Release|Mixed Platforms.Build.0 = Release|Any CPU
		{06D0EE4C-8C3C-413E-B5BA-663604BEAF2B}.Release|Mixed Platforms.Deploy.0 = Release|Any CPU
		{06D0EE4C-8C3C-413E-B5BA-663604BEAF2B}.Release|x86.ActiveCfg = Release|Any CPU
	EndGlobalSection
	GlobalSection(SolutionProperties) = preSolution
		HideSolutionNode = FALSE
	EndGlobalSection
	GlobalSection(NestedProjects) = preSolution
		{06D0EE4C-8C3C-413E-B5BA-663604BEAF2B} = {DF3B6CAD-D98E-4513-B9A3-16514253A75A}
		{D6A3420A-FC5E-465F-8887-53C5D8025595} = {1A89444D-50B7-4659-A06F-EA4F38863522}
		{FA487E9A-E8D2-4491-95EE-67D64D702B92} = {6D5AEB83-13A6-4843-973C-260FBEC1C607}
		{20AE9ED2-C0D9-4490-AEF0-879AA3270BB9} = {59D38A43-1FE5-481A-A06C-7E6650ED9378}
		{27143BBB-6508-41D7-9529-B5721E6F8E57} = {34C93A95-D245-424E-B431-614A4B08D93B}
		{6AD660E1-F4F4-43B0-8C95-9E6721CAA302} = {57806351-9876-4339-9E80-E6C67B7AA67D}
		{C0D3C3C8-6821-4081-AAFC-D1237EA3C121} = {6AD660E1-F4F4-43B0-8C95-9E6721CAA302}
	EndGlobalSection
	GlobalSection(ExtensibilityGlobals) = postSolution
		VisualSVNWorkingCopyRoot = .
	EndGlobalSection
EndGlobal
