
Microsoft Visual Studio Solution File, Format Version 11.00
# Visual Studio 2010
Project("{2150E333-8FDC-42A3-9474-1A3956D46DE8}") = "1. Presentation Layer", "1. Presentation Layer", "{DF3B6CAD-D98E-4513-B9A3-16514253A75A}"
EndProject
Project("{FAE04EC0-301F-11D3-BF4B-00C04F79EFBC}") = "MainTravel", "WindowsPhonePanoramaApplication1\MainTravel.csproj", "{383E4C68-EE49-45EC-BF2B-EDD5B5124991}"
EndProject
Project("{FAE04EC0-301F-11D3-BF4B-00C04F79EFBC}") = "GoogleFramework", "GoogleFramework\GoogleFramework.csproj", "{DA6211F9-F696-4E3C-8AA4-4907567EFD48}"
EndProject
Project("{FAE04EC0-301F-11D3-BF4B-00C04F79EFBC}") = "WP7Shared", "WP7Sqlite\WP7Shared.csproj", "{1E4E4924-4F8A-4100-8321-8D33792C1973}"
EndProject
Project("{FAE04EC0-301F-11D3-BF4B-00C04F79EFBC}") = "SilverlightPhoneDatabase", "SilverlightPhoneDatabase\SilverlightPhoneDatabase.csproj", "{B4BD0E4C-5DD6-408E-937D-34AB115A1AB5}"
EndProject
Project("{FAE04EC0-301F-11D3-BF4B-00C04F79EFBC}") = "MicrosoftFramework", "AccessingWP7Devices.Assets\MicrosoftFramework.csproj", "{801F6D26-EE49-4DF6-9DFF-F7CCC393DFF5}"
EndProject
Project("{FAE04EC0-301F-11D3-BF4B-00C04F79EFBC}") = "TravelObject", "TravelObject\TravelObject.csproj", "{5B97E6B1-FD67-4A03-9F25-1AB32631C53C}"
EndProject
Global
	GlobalSection(SolutionConfigurationPlatforms) = preSolution
		Debug|Any CPU = Debug|Any CPU
		Debug|Mixed Platforms = Debug|Mixed Platforms
		Debug|x86 = Debug|x86
		Release|Any CPU = Release|Any CPU
		Release|Mixed Platforms = Release|Mixed Platforms
		Release|x86 = Release|x86
	EndGlobalSection
	GlobalSection(ProjectConfigurationPlatforms) = postSolution
		{383E4C68-EE49-45EC-BF2B-EDD5B5124991}.Debug|Any CPU.ActiveCfg = Debug|Any CPU
		{383E4C68-EE49-45EC-BF2B-EDD5B5124991}.Debug|Any CPU.Build.0 = Debug|Any CPU
		{383E4C68-EE49-45EC-BF2B-EDD5B5124991}.Debug|Any CPU.Deploy.0 = Debug|Any CPU
		{383E4C68-EE49-45EC-BF2B-EDD5B5124991}.Debug|Mixed Platforms.ActiveCfg = Debug|Any CPU
		{383E4C68-EE49-45EC-BF2B-EDD5B5124991}.Debug|Mixed Platforms.Build.0 = Debug|Any CPU
		{383E4C68-EE49-45EC-BF2B-EDD5B5124991}.Debug|Mixed Platforms.Deploy.0 = Debug|Any CPU
		{383E4C68-EE49-45EC-BF2B-EDD5B5124991}.Debug|x86.ActiveCfg = Debug|Any CPU
		{383E4C68-EE49-45EC-BF2B-EDD5B5124991}.Release|Any CPU.ActiveCfg = Release|Any CPU
		{383E4C68-EE49-45EC-BF2B-EDD5B5124991}.Release|Any CPU.Build.0 = Release|Any CPU
		{383E4C68-EE49-45EC-BF2B-EDD5B5124991}.Release|Any CPU.Deploy.0 = Release|Any CPU
		{383E4C68-EE49-45EC-BF2B-EDD5B5124991}.Release|Mixed Platforms.ActiveCfg = Release|Any CPU
		{383E4C68-EE49-45EC-BF2B-EDD5B5124991}.Release|Mixed Platforms.Build.0 = Release|Any CPU
		{383E4C68-EE49-45EC-BF2B-EDD5B5124991}.Release|Mixed Platforms.Deploy.0 = Release|Any CPU
		{383E4C68-EE49-45EC-BF2B-EDD5B5124991}.Release|x86.ActiveCfg = Release|Any CPU
		{DA6211F9-F696-4E3C-8AA4-4907567EFD48}.Debug|Any CPU.ActiveCfg = Debug|Any CPU
		{DA6211F9-F696-4E3C-8AA4-4907567EFD48}.Debug|Any CPU.Build.0 = Debug|Any CPU
		{DA6211F9-F696-4E3C-8AA4-4907567EFD48}.Debug|Mixed Platforms.ActiveCfg = Debug|Any CPU
		{DA6211F9-F696-4E3C-8AA4-4907567EFD48}.Debug|Mixed Platforms.Build.0 = Debug|Any CPU
		{DA6211F9-F696-4E3C-8AA4-4907567EFD48}.Debug|x86.ActiveCfg = Debug|Any CPU
		{DA6211F9-F696-4E3C-8AA4-4907567EFD48}.Release|Any CPU.ActiveCfg = Release|Any CPU
		{DA6211F9-F696-4E3C-8AA4-4907567EFD48}.Release|Any CPU.Build.0 = Release|Any CPU
		{DA6211F9-F696-4E3C-8AA4-4907567EFD48}.Release|Mixed Platforms.ActiveCfg = Release|Any CPU
		{DA6211F9-F696-4E3C-8AA4-4907567EFD48}.Release|Mixed Platforms.Build.0 = Release|Any CPU
		{DA6211F9-F696-4E3C-8AA4-4907567EFD48}.Release|x86.ActiveCfg = Release|Any CPU
		{1E4E4924-4F8A-4100-8321-8D33792C1973}.Debug|Any CPU.ActiveCfg = Debug|Any CPU
		{1E4E4924-4F8A-4100-8321-8D33792C1973}.Debug|Any CPU.Build.0 = Debug|Any CPU
		{1E4E4924-4F8A-4100-8321-8D33792C1973}.Debug|Mixed Platforms.ActiveCfg = Debug|Any CPU
		{1E4E4924-4F8A-4100-8321-8D33792C1973}.Debug|Mixed Platforms.Build.0 = Debug|Any CPU
		{1E4E4924-4F8A-4100-8321-8D33792C1973}.Debug|x86.ActiveCfg = Debug|Any CPU
		{1E4E4924-4F8A-4100-8321-8D33792C1973}.Release|Any CPU.ActiveCfg = Release|Any CPU
		{1E4E4924-4F8A-4100-8321-8D33792C1973}.Release|Any CPU.Build.0 = Release|Any CPU
		{1E4E4924-4F8A-4100-8321-8D33792C1973}.Release|Mixed Platforms.ActiveCfg = Release|Any CPU
		{1E4E4924-4F8A-4100-8321-8D33792C1973}.Release|Mixed Platforms.Build.0 = Release|Any CPU
		{1E4E4924-4F8A-4100-8321-8D33792C1973}.Release|x86.ActiveCfg = Release|Any CPU
		{B4BD0E4C-5DD6-408E-937D-34AB115A1AB5}.Debug|Any CPU.ActiveCfg = Debug|Any CPU
		{B4BD0E4C-5DD6-408E-937D-34AB115A1AB5}.Debug|Any CPU.Build.0 = Debug|Any CPU
		{B4BD0E4C-5DD6-408E-937D-34AB115A1AB5}.Debug|Mixed Platforms.ActiveCfg = Debug|Any CPU
		{B4BD0E4C-5DD6-408E-937D-34AB115A1AB5}.Debug|Mixed Platforms.Build.0 = Debug|Any CPU
		{B4BD0E4C-5DD6-408E-937D-34AB115A1AB5}.Debug|x86.ActiveCfg = Debug|Any CPU
		{B4BD0E4C-5DD6-408E-937D-34AB115A1AB5}.Release|Any CPU.ActiveCfg = Release|Any CPU
		{B4BD0E4C-5DD6-408E-937D-34AB115A1AB5}.Release|Any CPU.Build.0 = Release|Any CPU
		{B4BD0E4C-5DD6-408E-937D-34AB115A1AB5}.Release|Mixed Platforms.ActiveCfg = Release|Any CPU
		{B4BD0E4C-5DD6-408E-937D-34AB115A1AB5}.Release|Mixed Platforms.Build.0 = Release|Any CPU
		{B4BD0E4C-5DD6-408E-937D-34AB115A1AB5}.Release|x86.ActiveCfg = Release|Any CPU
		{801F6D26-EE49-4DF6-9DFF-F7CCC393DFF5}.Debug|Any CPU.ActiveCfg = Debug|Any CPU
		{801F6D26-EE49-4DF6-9DFF-F7CCC393DFF5}.Debug|Any CPU.Build.0 = Debug|Any CPU
		{801F6D26-EE49-4DF6-9DFF-F7CCC393DFF5}.Debug|Mixed Platforms.ActiveCfg = Debug|Any CPU
		{801F6D26-EE49-4DF6-9DFF-F7CCC393DFF5}.Debug|Mixed Platforms.Build.0 = Debug|Any CPU
		{801F6D26-EE49-4DF6-9DFF-F7CCC393DFF5}.Debug|x86.ActiveCfg = Debug|Any CPU
		{801F6D26-EE49-4DF6-9DFF-F7CCC393DFF5}.Release|Any CPU.ActiveCfg = Release|Any CPU
		{801F6D26-EE49-4DF6-9DFF-F7CCC393DFF5}.Release|Any CPU.Build.0 = Release|Any CPU
		{801F6D26-EE49-4DF6-9DFF-F7CCC393DFF5}.Release|Mixed Platforms.ActiveCfg = Release|Any CPU
		{801F6D26-EE49-4DF6-9DFF-F7CCC393DFF5}.Release|Mixed Platforms.Build.0 = Release|Any CPU
		{801F6D26-EE49-4DF6-9DFF-F7CCC393DFF5}.Release|x86.ActiveCfg = Release|Any CPU
		{5B97E6B1-FD67-4A03-9F25-1AB32631C53C}.Debug|Any CPU.ActiveCfg = Debug|Any CPU
		{5B97E6B1-FD67-4A03-9F25-1AB32631C53C}.Debug|Any CPU.Build.0 = Debug|Any CPU
		{5B97E6B1-FD67-4A03-9F25-1AB32631C53C}.Debug|Mixed Platforms.ActiveCfg = Debug|Any CPU
		{5B97E6B1-FD67-4A03-9F25-1AB32631C53C}.Debug|Mixed Platforms.Build.0 = Debug|Any CPU
		{5B97E6B1-FD67-4A03-9F25-1AB32631C53C}.Debug|x86.ActiveCfg = Debug|Any CPU
		{5B97E6B1-FD67-4A03-9F25-1AB32631C53C}.Release|Any CPU.ActiveCfg = Release|Any CPU
		{5B97E6B1-FD67-4A03-9F25-1AB32631C53C}.Release|Any CPU.Build.0 = Release|Any CPU
		{5B97E6B1-FD67-4A03-9F25-1AB32631C53C}.Release|Mixed Platforms.ActiveCfg = Release|Any CPU
		{5B97E6B1-FD67-4A03-9F25-1AB32631C53C}.Release|Mixed Platforms.Build.0 = Release|Any CPU
		{5B97E6B1-FD67-4A03-9F25-1AB32631C53C}.Release|x86.ActiveCfg = Release|Any CPU
	EndGlobalSection
	GlobalSection(SolutionProperties) = preSolution
		HideSolutionNode = FALSE
	EndGlobalSection
	GlobalSection(NestedProjects) = preSolution
		{383E4C68-EE49-45EC-BF2B-EDD5B5124991} = {DF3B6CAD-D98E-4513-B9A3-16514253A75A}
		{DA6211F9-F696-4E3C-8AA4-4907567EFD48} = {DF3B6CAD-D98E-4513-B9A3-16514253A75A}
		{1E4E4924-4F8A-4100-8321-8D33792C1973} = {DF3B6CAD-D98E-4513-B9A3-16514253A75A}
		{B4BD0E4C-5DD6-408E-937D-34AB115A1AB5} = {DF3B6CAD-D98E-4513-B9A3-16514253A75A}
		{801F6D26-EE49-4DF6-9DFF-F7CCC393DFF5} = {DF3B6CAD-D98E-4513-B9A3-16514253A75A}
		{5B97E6B1-FD67-4A03-9F25-1AB32631C53C} = {DF3B6CAD-D98E-4513-B9A3-16514253A75A}
	EndGlobalSection
	GlobalSection(ExtensibilityGlobals) = postSolution
		VisualSVNWorkingCopyRoot = .
	EndGlobalSection
EndGlobal
